
Microsoft Visual Studio Solution File, Format Version 12.00
# Visual Studio 14
VisualStudioVersion = 14.0.23107.0
MinimumVisualStudioVersion = 10.0.40219.1
Project("{FAE04EC0-301F-11D3-BF4B-00C04F79EFBC}") = "Tarea", "Tarea\Tarea.csproj", "{DA70B40E-4B8E-4363-B6FC-1935B159F797}"
EndProject
Project("{FAE04EC0-301F-11D3-BF4B-00C04F79EFBC}") = "BLL", "BLL\BLL.csproj", "{678F4894-865D-4E6E-AAB3-5BD7FCEFDF56}"
EndProject
Project("{FAE04EC0-301F-11D3-BF4B-00C04F79EFBC}") = "DAL", "DAL\DAL.csproj", "{FF33579B-F3B5-4C6F-A5BE-BC6977C16B10}"
EndProject
Global
	GlobalSection(SolutionConfigurationPlatforms) = preSolution
		Debug|Any CPU = Debug|Any CPU
		Release|Any CPU = Release|Any CPU
	EndGlobalSection
	GlobalSection(ProjectConfigurationPlatforms) = postSolution
		{DA70B40E-4B8E-4363-B6FC-1935B159F797}.Debug|Any CPU.ActiveCfg = Debug|Any CPU
		{DA70B40E-4B8E-4363-B6FC-1935B159F797}.Debug|Any CPU.Build.0 = Debug|Any CPU
		{DA70B40E-4B8E-4363-B6FC-1935B159F797}.Release|Any CPU.ActiveCfg = Release|Any CPU
		{DA70B40E-4B8E-4363-B6FC-1935B159F797}.Release|Any CPU.Build.0 = Release|Any CPU
		{678F4894-865D-4E6E-AAB3-5BD7FCEFDF56}.Debug|Any CPU.ActiveCfg = Debug|Any CPU
		{678F4894-865D-4E6E-AAB3-5BD7FCEFDF56}.Debug|Any CPU.Build.0 = Debug|Any CPU
		{678F4894-865D-4E6E-AAB3-5BD7FCEFDF56}.Release|Any CPU.ActiveCfg = Release|Any CPU
		{678F4894-865D-4E6E-AAB3-5BD7FCEFDF56}.Release|Any CPU.Build.0 = Release|Any CPU
		{FF33579B-F3B5-4C6F-A5BE-BC6977C16B10}.Debug|Any CPU.ActiveCfg = Debug|Any CPU
		{FF33579B-F3B5-4C6F-A5BE-BC6977C16B10}.Debug|Any CPU.Build.0 = Debug|Any CPU
		{FF33579B-F3B5-4C6F-A5BE-BC6977C16B10}.Release|Any CPU.ActiveCfg = Release|Any CPU
		{FF33579B-F3B5-4C6F-A5BE-BC6977C16B10}.Release|Any CPU.Build.0 = Release|Any CPU
	EndGlobalSection
	GlobalSection(SolutionProperties) = preSolution
		HideSolutionNode = FALSE
	EndGlobalSection
EndGlobal
